
Microsoft Visual Studio Solution File, Format Version 11.00
# Visual C++ Express 2010
Project("{8BC9CEB8-8B4A-11D0-8D11-00A0C91BC942}") = "rock paper scissors", "rock paper scissors\rock paper scissors.vcxproj", "{F8DE1F58-2446-4FC1-B87E-B15AF525A2E8}"
EndProject
Global
	GlobalSection(SolutionConfigurationPlatforms) = preSolution
		Debug|Win32 = Debug|Win32
		Release|Win32 = Release|Win32
	EndGlobalSection
	GlobalSection(ProjectConfigurationPlatforms) = postSolution
		{F8DE1F58-2446-4FC1-B87E-B15AF525A2E8}.Debug|Win32.ActiveCfg = Debug|Win32
		{F8DE1F58-2446-4FC1-B87E-B15AF525A2E8}.Debug|Win32.Build.0 = Debug|Win32
		{F8DE1F58-2446-4FC1-B87E-B15AF525A2E8}.Release|Win32.ActiveCfg = Release|Win32
		{F8DE1F58-2446-4FC1-B87E-B15AF525A2E8}.Release|Win32.Build.0 = Release|Win32
	EndGlobalSection
	GlobalSection(SolutionProperties) = preSolution
		HideSolutionNode = FALSE
	EndGlobalSection
EndGlobal
